
Microsoft Visual Studio Solution File, Format Version 12.00
# Visual Studio 14
VisualStudioVersion = 14.0.25420.1
MinimumVisualStudioVersion = 10.0.40219.1
Project("{FAE04EC0-301F-11D3-BF4B-00C04F79EFBC}") = "CakeDemo", "CakeDemo\CakeDemo.csproj", "{A56A7F01-6B85-4EE2-9B5F-EAE712A2CEC3}"
EndProject
Project("{FAE04EC0-301F-11D3-BF4B-00C04F79EFBC}") = "CakeDemo.Tests", "CakeDemo.Tests\CakeDemo.Tests.csproj", "{7F6DBB53-25A5-405E-9E70-F04047A8D835}"
EndProject
Global
	GlobalSection(SolutionConfigurationPlatforms) = preSolution
		Debug|Any CPU = Debug|Any CPU
		Release|Any CPU = Release|Any CPU
	EndGlobalSection
	GlobalSection(ProjectConfigurationPlatforms) = postSolution
		{A56A7F01-6B85-4EE2-9B5F-EAE712A2CEC3}.Debug|Any CPU.ActiveCfg = Debug|Any CPU
		{A56A7F01-6B85-4EE2-9B5F-EAE712A2CEC3}.Debug|Any CPU.Build.0 = Debug|Any CPU
		{A56A7F01-6B85-4EE2-9B5F-EAE712A2CEC3}.Release|Any CPU.ActiveCfg = Release|Any CPU
		{A56A7F01-6B85-4EE2-9B5F-EAE712A2CEC3}.Release|Any CPU.Build.0 = Release|Any CPU
		{7F6DBB53-25A5-405E-9E70-F04047A8D835}.Debug|Any CPU.ActiveCfg = Debug|Any CPU
		{7F6DBB53-25A5-405E-9E70-F04047A8D835}.Debug|Any CPU.Build.0 = Debug|Any CPU
		{7F6DBB53-25A5-405E-9E70-F04047A8D835}.Release|Any CPU.ActiveCfg = Release|Any CPU
		{7F6DBB53-25A5-405E-9E70-F04047A8D835}.Release|Any CPU.Build.0 = Release|Any CPU
	EndGlobalSection
	GlobalSection(SolutionProperties) = preSolution
		HideSolutionNode = FALSE
	EndGlobalSection
EndGlobal
